
Microsoft Visual Studio Solution File, Format Version 12.00
# Visual Studio Version 16
VisualStudioVersion = 16.0.29424.173
MinimumVisualStudioVersion = 10.0.40219.1
Project("{8BC9CEB8-8B4A-11D0-8D11-00A0C91BC942}") = "RSA", "RSA\RSA.vcxproj", "{21CA4936-B364-4F2C-86BA-9AB07F1F242B}"
EndProject
Global
	GlobalSection(SolutionConfigurationPlatforms) = preSolution
		Debug|x64 = Debug|x64
		Debug|x86 = Debug|x86
		Release|x64 = Release|x64
		Release|x86 = Release|x86
	EndGlobalSection
	GlobalSection(ProjectConfigurationPlatforms) = postSolution
		{21CA4936-B364-4F2C-86BA-9AB07F1F242B}.Debug|x64.ActiveCfg = Debug|x64
		{21CA4936-B364-4F2C-86BA-9AB07F1F242B}.Debug|x64.Build.0 = Debug|x64
		{21CA4936-B364-4F2C-86BA-9AB07F1F242B}.Debug|x86.ActiveCfg = Debug|Win32
		{21CA4936-B364-4F2C-86BA-9AB07F1F242B}.Debug|x86.Build.0 = Debug|Win32
		{21CA4936-B364-4F2C-86BA-9AB07F1F242B}.Release|x64.ActiveCfg = Release|x64
		{21CA4936-B364-4F2C-86BA-9AB07F1F242B}.Release|x64.Build.0 = Release|x64
		{21CA4936-B364-4F2C-86BA-9AB07F1F242B}.Release|x86.ActiveCfg = Release|Win32
		{21CA4936-B364-4F2C-86BA-9AB07F1F242B}.Release|x86.Build.0 = Release|Win32
	EndGlobalSection
	GlobalSection(SolutionProperties) = preSolution
		HideSolutionNode = FALSE
	EndGlobalSection
	GlobalSection(ExtensibilityGlobals) = postSolution
		SolutionGuid = {F6E26DD0-DDD5-4218-80B2-F9F91D5DF958}
	EndGlobalSection
EndGlobal
